
Microsoft Visual Studio Solution File, Format Version 12.00
# Visual Studio Version 17
VisualStudioVersion = 17.8.34330.188
MinimumVisualStudioVersion = 10.0.40219.1
Project("{FAE04EC0-301F-11D3-BF4B-00C04F79EFBC}") = "test", "test\test.csproj", "{7395CF00-C260-434A-8709-2C26F5E7CC09}"
EndProject
Global
	GlobalSection(SolutionConfigurationPlatforms) = preSolution
		Debug|Any CPU = Debug|Any CPU
		Release|Any CPU = Release|Any CPU
	EndGlobalSection
	GlobalSection(ProjectConfigurationPlatforms) = postSolution
		{7395CF00-C260-434A-8709-2C26F5E7CC09}.Debug|Any CPU.ActiveCfg = Debug|Any CPU
		{7395CF00-C260-434A-8709-2C26F5E7CC09}.Debug|Any CPU.Build.0 = Debug|Any CPU
		{7395CF00-C260-434A-8709-2C26F5E7CC09}.Release|Any CPU.ActiveCfg = Release|Any CPU
		{7395CF00-C260-434A-8709-2C26F5E7CC09}.Release|Any CPU.Build.0 = Release|Any CPU
	EndGlobalSection
	GlobalSection(SolutionProperties) = preSolution
		HideSolutionNode = FALSE
	EndGlobalSection
	GlobalSection(ExtensibilityGlobals) = postSolution
		SolutionGuid = {85FFB6B1-BF2D-4A06-9F90-EC2D918B94D8}
	EndGlobalSection
EndGlobal
